
Microsoft Visual Studio Solution File, Format Version 12.00
# Visual Studio 2013
VisualStudioVersion = 12.0.30723.0
MinimumVisualStudioVersion = 10.0.40219.1
Project("{FAE04EC0-301F-11D3-BF4B-00C04F79EFBC}") = "UmbracoCI.Extensions", "UmbracoCI.Extensions\UmbracoCI.Extensions.csproj", "{37743518-9681-4B0F-9445-C5E14E3D9A66}"
EndProject
Project("{FAE04EC0-301F-11D3-BF4B-00C04F79EFBC}") = "UmbracoCI.Web.UI", "UmbracoCI.Web.UI\UmbracoCI.Web.UI.csproj", "{DDC56DE4-661F-4B07-9ECF-FE65FF9FC9C6}"
EndProject
Project("{FAE04EC0-301F-11D3-BF4B-00C04F79EFBC}") = "UmbracoCI.Web.UI.Tests", "UmbracoCI.Web.UI.Tests\UmbracoCI.Web.UI.Tests.csproj", "{143E331F-053A-43A4-A77E-B2770E6AC502}"
EndProject
Project("{2150E333-8FDC-42A3-9474-1A3956D46DE8}") = "Tests", "Tests", "{FE924046-F631-4D57-BECC-9DDD03BB79B6}"
EndProject
Project("{FAE04EC0-301F-11D3-BF4B-00C04F79EFBC}") = "UmbracoCI.Extensions.Tests", "UmbracoCI.Extensions.Tests\UmbracoCI.Extensions.Tests.csproj", "{61359610-F757-4618-BEA1-AA23BDD09EDA}"
EndProject
Global
	GlobalSection(SolutionConfigurationPlatforms) = preSolution
		Debug|Any CPU = Debug|Any CPU
		Release|Any CPU = Release|Any CPU
	EndGlobalSection
	GlobalSection(ProjectConfigurationPlatforms) = postSolution
		{37743518-9681-4B0F-9445-C5E14E3D9A66}.Debug|Any CPU.ActiveCfg = Debug|Any CPU
		{37743518-9681-4B0F-9445-C5E14E3D9A66}.Debug|Any CPU.Build.0 = Debug|Any CPU
		{37743518-9681-4B0F-9445-C5E14E3D9A66}.Release|Any CPU.ActiveCfg = Release|Any CPU
		{37743518-9681-4B0F-9445-C5E14E3D9A66}.Release|Any CPU.Build.0 = Release|Any CPU
		{DDC56DE4-661F-4B07-9ECF-FE65FF9FC9C6}.Debug|Any CPU.ActiveCfg = Debug|Any CPU
		{DDC56DE4-661F-4B07-9ECF-FE65FF9FC9C6}.Debug|Any CPU.Build.0 = Debug|Any CPU
		{DDC56DE4-661F-4B07-9ECF-FE65FF9FC9C6}.Release|Any CPU.ActiveCfg = Release|Any CPU
		{DDC56DE4-661F-4B07-9ECF-FE65FF9FC9C6}.Release|Any CPU.Build.0 = Release|Any CPU
		{143E331F-053A-43A4-A77E-B2770E6AC502}.Debug|Any CPU.ActiveCfg = Debug|Any CPU
		{143E331F-053A-43A4-A77E-B2770E6AC502}.Debug|Any CPU.Build.0 = Debug|Any CPU
		{143E331F-053A-43A4-A77E-B2770E6AC502}.Release|Any CPU.ActiveCfg = Release|Any CPU
		{143E331F-053A-43A4-A77E-B2770E6AC502}.Release|Any CPU.Build.0 = Release|Any CPU
		{61359610-F757-4618-BEA1-AA23BDD09EDA}.Debug|Any CPU.ActiveCfg = Debug|Any CPU
		{61359610-F757-4618-BEA1-AA23BDD09EDA}.Debug|Any CPU.Build.0 = Debug|Any CPU
		{61359610-F757-4618-BEA1-AA23BDD09EDA}.Release|Any CPU.ActiveCfg = Release|Any CPU
		{61359610-F757-4618-BEA1-AA23BDD09EDA}.Release|Any CPU.Build.0 = Release|Any CPU
	EndGlobalSection
	GlobalSection(SolutionProperties) = preSolution
		HideSolutionNode = FALSE
	EndGlobalSection
	GlobalSection(NestedProjects) = preSolution
		{143E331F-053A-43A4-A77E-B2770E6AC502} = {FE924046-F631-4D57-BECC-9DDD03BB79B6}
		{61359610-F757-4618-BEA1-AA23BDD09EDA} = {FE924046-F631-4D57-BECC-9DDD03BB79B6}
	EndGlobalSection
EndGlobal
